
Microsoft Visual Studio Solution File, Format Version 12.00
# Visual Studio Version 17
VisualStudioVersion = 17.0.31903.59
MinimumVisualStudioVersion = 10.0.40219.1
Project("{2150E333-8FDC-42A3-9474-1A3956D46DE8}") = "src", "src", "{827E0CD3-B72D-47B6-A68D-7590B98EB39B}"
EndProject
Project("{FAE04EC0-301F-11D3-BF4B-00C04F79EFBC}") = "Valentinos.Domain", "src\Valentinos.Domain\Valentinos.Domain.csproj", "{14535248-C68A-4B6E-83EF-7A9654390430}"
EndProject
Project("{FAE04EC0-301F-11D3-BF4B-00C04F79EFBC}") = "Valentinos.Application", "src\Valentinos.Application\Valentinos.Application.csproj", "{BE976E41-C16D-4836-933D-2371C20B973A}"
EndProject
Project("{FAE04EC0-301F-11D3-BF4B-00C04F79EFBC}") = "Valentinos.Infrastructure", "src\Valentinos.Infrastructure\Valentinos.Infrastructure.csproj", "{6BB6E03E-BE97-4F9C-A63E-6F0874B64DF8}"
EndProject
Project("{FAE04EC0-301F-11D3-BF4B-00C04F79EFBC}") = "Valentinos.Api", "src\Valentinos.Api\Valentinos.Api.csproj", "{24FBCDD8-1204-40ED-8760-635EBD0492EF}"
EndProject
Project("{2150E333-8FDC-42A3-9474-1A3956D46DE8}") = "tests", "tests", "{0AB3BF05-4346-4AA6-1389-037BE0695223}"
EndProject
Project("{FAE04EC0-301F-11D3-BF4B-00C04F79EFBC}") = "Valentinos.Tests", "tests\Valentinos.Tests\Valentinos.Tests.csproj", "{A672C6DA-F104-4F10-94BC-AA59AF731D29}"
EndProject
Global
	GlobalSection(SolutionConfigurationPlatforms) = preSolution
		Debug|Any CPU = Debug|Any CPU
		Debug|x64 = Debug|x64
		Debug|x86 = Debug|x86
		Release|Any CPU = Release|Any CPU
		Release|x64 = Release|x64
		Release|x86 = Release|x86
	EndGlobalSection
	GlobalSection(ProjectConfigurationPlatforms) = postSolution
		{14535248-C68A-4B6E-83EF-7A9654390430}.Debug|Any CPU.ActiveCfg = Debug|Any CPU
		{14535248-C68A-4B6E-83EF-7A9654390430}.Debug|Any CPU.Build.0 = Debug|Any CPU
		{14535248-C68A-4B6E-83EF-7A9654390430}.Debug|x64.ActiveCfg = Debug|Any CPU
		{14535248-C68A-4B6E-83EF-7A9654390430}.Debug|x64.Build.0 = Debug|Any CPU
		{14535248-C68A-4B6E-83EF-7A9654390430}.Debug|x86.ActiveCfg = Debug|Any CPU
		{14535248-C68A-4B6E-83EF-7A9654390430}.Debug|x86.Build.0 = Debug|Any CPU
		{14535248-C68A-4B6E-83EF-7A9654390430}.Release|Any CPU.ActiveCfg = Release|Any CPU
		{14535248-C68A-4B6E-83EF-7A9654390430}.Release|Any CPU.Build.0 = Release|Any CPU
		{14535248-C68A-4B6E-83EF-7A9654390430}.Release|x64.ActiveCfg = Release|Any CPU
		{14535248-C68A-4B6E-83EF-7A9654390430}.Release|x64.Build.0 = Release|Any CPU
		{14535248-C68A-4B6E-83EF-7A9654390430}.Release|x86.ActiveCfg = Release|Any CPU
		{14535248-C68A-4B6E-83EF-7A9654390430}.Release|x86.Build.0 = Release|Any CPU
		{BE976E41-C16D-4836-933D-2371C20B973A}.Debug|Any CPU.ActiveCfg = Debug|Any CPU
		{BE976E41-C16D-4836-933D-2371C20B973A}.Debug|Any CPU.Build.0 = Debug|Any CPU
		{BE976E41-C16D-4836-933D-2371C20B973A}.Debug|x64.ActiveCfg = Debug|Any CPU
		{BE976E41-C16D-4836-933D-2371C20B973A}.Debug|x64.Build.0 = Debug|Any CPU
		{BE976E41-C16D-4836-933D-2371C20B973A}.Debug|x86.ActiveCfg = Debug|Any CPU
		{BE976E41-C16D-4836-933D-2371C20B973A}.Debug|x86.Build.0 = Debug|Any CPU
		{BE976E41-C16D-4836-933D-2371C20B973A}.Release|Any CPU.ActiveCfg = Release|Any CPU
		{BE976E41-C16D-4836-933D-2371C20B973A}.Release|Any CPU.Build.0 = Release|Any CPU
		{BE976E41-C16D-4836-933D-2371C20B973A}.Release|x64.ActiveCfg = Release|Any CPU
		{BE976E41-C16D-4836-933D-2371C20B973A}.Release|x64.Build.0 = Release|Any CPU
		{BE976E41-C16D-4836-933D-2371C20B973A}.Release|x86.ActiveCfg = Release|Any CPU
		{BE976E41-C16D-4836-933D-2371C20B973A}.Release|x86.Build.0 = Release|Any CPU
		{6BB6E03E-BE97-4F9C-A63E-6F0874B64DF8}.Debug|Any CPU.ActiveCfg = Debug|Any CPU
		{6BB6E03E-BE97-4F9C-A63E-6F0874B64DF8}.Debug|Any CPU.Build.0 = Debug|Any CPU
		{6BB6E03E-BE97-4F9C-A63E-6F0874B64DF8}.Debug|x64.ActiveCfg = Debug|Any CPU
		{6BB6E03E-BE97-4F9C-A63E-6F0874B64DF8}.Debug|x64.Build.0 = Debug|Any CPU
		{6BB6E03E-BE97-4F9C-A63E-6F0874B64DF8}.Debug|x86.ActiveCfg = Debug|Any CPU
		{6BB6E03E-BE97-4F9C-A63E-6F0874B64DF8}.Debug|x86.Build.0 = Debug|Any CPU
		{6BB6E03E-BE97-4F9C-A63E-6F0874B64DF8}.Release|Any CPU.ActiveCfg = Release|Any CPU
		{6BB6E03E-BE97-4F9C-A63E-6F0874B64DF8}.Release|Any CPU.Build.0 = Release|Any CPU
		{6BB6E03E-BE97-4F9C-A63E-6F0874B64DF8}.Release|x64.ActiveCfg = Release|Any CPU
		{6BB6E03E-BE97-4F9C-A63E-6F0874B64DF8}.Release|x64.Build.0 = Release|Any CPU
		{6BB6E03E-BE97-4F9C-A63E-6F0874B64DF8}.Release|x86.ActiveCfg = Release|Any CPU
		{6BB6E03E-BE97-4F9C-A63E-6F0874B64DF8}.Release|x86.Build.0 = Release|Any CPU
		{24FBCDD8-1204-40ED-8760-635EBD0492EF}.Debug|Any CPU.ActiveCfg = Debug|Any CPU
		{24FBCDD8-1204-40ED-8760-635EBD0492EF}.Debug|Any CPU.Build.0 = Debug|Any CPU
		{24FBCDD8-1204-40ED-8760-635EBD0492EF}.Debug|x64.ActiveCfg = Debug|Any CPU
		{24FBCDD8-1204-40ED-8760-635EBD0492EF}.Debug|x64.Build.0 = Debug|Any CPU
		{24FBCDD8-1204-40ED-8760-635EBD0492EF}.Debug|x86.ActiveCfg = Debug|Any CPU
		{24FBCDD8-1204-40ED-8760-635EBD0492EF}.Debug|x86.Build.0 = Debug|Any CPU
		{24FBCDD8-1204-40ED-8760-635EBD0492EF}.Release|Any CPU.ActiveCfg = Release|Any CPU
		{24FBCDD8-1204-40ED-8760-635EBD0492EF}.Release|Any CPU.Build.0 = Release|Any CPU
		{24FBCDD8-1204-40ED-8760-635EBD0492EF}.Release|x64.ActiveCfg = Release|Any CPU
		{24FBCDD8-1204-40ED-8760-635EBD0492EF}.Release|x64.Build.0 = Release|Any CPU
		{24FBCDD8-1204-40ED-8760-635EBD0492EF}.Release|x86.ActiveCfg = Release|Any CPU
		{24FBCDD8-1204-40ED-8760-635EBD0492EF}.Release|x86.Build.0 = Release|Any CPU
		{A672C6DA-F104-4F10-94BC-AA59AF731D29}.Debug|Any CPU.ActiveCfg = Debug|Any CPU
		{A672C6DA-F104-4F10-94BC-AA59AF731D29}.Debug|Any CPU.Build.0 = Debug|Any CPU
		{A672C6DA-F104-4F10-94BC-AA59AF731D29}.Debug|x64.ActiveCfg = Debug|Any CPU
		{A672C6DA-F104-4F10-94BC-AA59AF731D29}.Debug|x64.Build.0 = Debug|Any CPU
		{A672C6DA-F104-4F10-94BC-AA59AF731D29}.Debug|x86.ActiveCfg = Debug|Any CPU
		{A672C6DA-F104-4F10-94BC-AA59AF731D29}.Debug|x86.Build.0 = Debug|Any CPU
		{A672C6DA-F104-4F10-94BC-AA59AF731D29}.Release|Any CPU.ActiveCfg = Release|Any CPU
		{A672C6DA-F104-4F10-94BC-AA59AF731D29}.Release|Any CPU.Build.0 = Release|Any CPU
		{A672C6DA-F104-4F10-94BC-AA59AF731D29}.Release|x64.ActiveCfg = Release|Any CPU
		{A672C6DA-F104-4F10-94BC-AA59AF731D29}.Release|x64.Build.0 = Release|Any CPU
		{A672C6DA-F104-4F10-94BC-AA59AF731D29}.Release|x86.ActiveCfg = Release|Any CPU
		{A672C6DA-F104-4F10-94BC-AA59AF731D29}.Release|x86.Build.0 = Release|Any CPU
	EndGlobalSection
	GlobalSection(SolutionProperties) = preSolution
		HideSolutionNode = FALSE
	EndGlobalSection
	GlobalSection(NestedProjects) = preSolution
		{14535248-C68A-4B6E-83EF-7A9654390430} = {827E0CD3-B72D-47B6-A68D-7590B98EB39B}
		{BE976E41-C16D-4836-933D-2371C20B973A} = {827E0CD3-B72D-47B6-A68D-7590B98EB39B}
		{6BB6E03E-BE97-4F9C-A63E-6F0874B64DF8} = {827E0CD3-B72D-47B6-A68D-7590B98EB39B}
		{24FBCDD8-1204-40ED-8760-635EBD0492EF} = {827E0CD3-B72D-47B6-A68D-7590B98EB39B}
		{A672C6DA-F104-4F10-94BC-AA59AF731D29} = {0AB3BF05-4346-4AA6-1389-037BE0695223}
	EndGlobalSection
EndGlobal
